// !$*UTF8*$!
{
	archiveVersion = 1;
	classes = {
	};
	objectVersion = 77;
	objects = {

/* Begin PBXBuildFile section */
		ED8000FC050E9D9875C9D348 /* LatestDoodleWidget.appex in Embed App Extensions */ = {isa = PBXBuildFile; fileRef = 7149638C7292B447930E7910 /* LatestDoodleWidget.appex */; };
/* End PBXBuildFile section */

/* Begin PBXContainerItemProxy section */
		0411A74B2EC9EE48005E781F /* PBXContainerItemProxy */ = {
			isa = PBXContainerItemProxy;
			containerPortal = 0411A7352EC9EE47005E781F /* Project object */;
			proxyType = 1;
			remoteGlobalIDString = 0411A73C2EC9EE47005E781F;
			remoteInfo = doodleduo;
		};
		0411A7552EC9EE48005E781F /* PBXContainerItemProxy */ = {
			isa = PBXContainerItemProxy;
			containerPortal = 0411A7352EC9EE47005E781F /* Project object */;
			proxyType = 1;
			remoteGlobalIDString = 0411A73C2EC9EE47005E781F;
			remoteInfo = doodleduo;
		};
		0F1B07C146900A0B64D09D87 /* PBXContainerItemProxy */ = {
			isa = PBXContainerItemProxy;
			containerPortal = 0411A7352EC9EE47005E781F /* Project object */;
			proxyType = 1;
			remoteGlobalIDString = 6089A95D3401D28897B811E4;
			remoteInfo = LatestDoodleWidget;
		};
/* End PBXContainerItemProxy section */

/* Begin PBXCopyFilesBuildPhase section */
		314A006C586EE0AC88D4A830 /* Embed App Extensions */ = {
			isa = PBXCopyFilesBuildPhase;
			buildActionMask = 2147483647;
			dstPath = "";
			dstSubfolderSpec = 13;
			files = (
				ED8000FC050E9D9875C9D348 /* LatestDoodleWidget.appex in Embed App Extensions */,
			);
			name = "Embed App Extensions";
			runOnlyForDeploymentPostprocessing = 0;
		};
/* End PBXCopyFilesBuildPhase section */

/* Begin PBXFileReference section */
		0411A73D2EC9EE47005E781F /* doodleduo.app */ = {isa = PBXFileReference; explicitFileType = wrapper.application; includeInIndex = 0; path = doodleduo.app; sourceTree = BUILT_PRODUCTS_DIR; };
		0411A74A2EC9EE48005E781F /* doodleduoTests.xctest */ = {isa = PBXFileReference; explicitFileType = wrapper.cfbundle; includeInIndex = 0; path = doodleduoTests.xctest; sourceTree = BUILT_PRODUCTS_DIR; };
		0411A7542EC9EE48005E781F /* doodleduoUITests.xctest */ = {isa = PBXFileReference; explicitFileType = wrapper.cfbundle; includeInIndex = 0; path = doodleduoUITests.xctest; sourceTree = BUILT_PRODUCTS_DIR; };
		7149638C7292B447930E7910 /* LatestDoodleWidget.appex */ = {isa = PBXFileReference; explicitFileType = "wrapper.app-extension"; includeInIndex = 0; path = LatestDoodleWidget.appex; sourceTree = BUILT_PRODUCTS_DIR; };
/* End PBXFileReference section */

/* Begin PBXFileSystemSynchronizedBuildFileExceptionSet section */
		0411A7682EC9EE9C005E781F /* Exceptions for "doodleduo" folder in "doodleduo" target */ = {
			isa = PBXFileSystemSynchronizedBuildFileExceptionSet;
			membershipExceptions = (
				Info.plist,
			);
			target = 0411A73C2EC9EE47005E781F /* doodleduo */;
		};
		4F333DE73AB5A90EC9DD41D8 /* Exceptions for "LatestDoodleWidget" folder in "LatestDoodleWidget" target */ = {
			isa = PBXFileSystemSynchronizedBuildFileExceptionSet;
			membershipExceptions = (
				Info.plist,
			);
			target = 6089A95D3401D28897B811E4 /* LatestDoodleWidget */;
		};
/* End PBXFileSystemSynchronizedBuildFileExceptionSet section */

/* Begin PBXFileSystemSynchronizedRootGroup section */
		0411A73F2EC9EE47005E781F /* doodleduo */ = {
			isa = PBXFileSystemSynchronizedRootGroup;
			exceptions = (
				0411A7682EC9EE9C005E781F /* Exceptions for "doodleduo" folder in "doodleduo" target */,
			);
			path = doodleduo;
			sourceTree = "<group>";
		};
		0411A74D2EC9EE48005E781F /* doodleduoTests */ = {
			isa = PBXFileSystemSynchronizedRootGroup;
			path = doodleduoTests;
			sourceTree = "<group>";
		};
		0411A7572EC9EE48005E781F /* doodleduoUITests */ = {
			isa = PBXFileSystemSynchronizedRootGroup;
			path = doodleduoUITests;
			sourceTree = "<group>";
		};
		61CA6E0C367EE549727772DC /* Shared */ = {
			isa = PBXFileSystemSynchronizedRootGroup;
			path = Shared;
			sourceTree = "<group>";
		};
		B61749851BBFECC25FBF54FD /* LatestDoodleWidget */ = {
			isa = PBXFileSystemSynchronizedRootGroup;
			exceptions = (
				4F333DE73AB5A90EC9DD41D8 /* Exceptions for "LatestDoodleWidget" folder in "LatestDoodleWidget" target */,
			);
			path = LatestDoodleWidget;
			sourceTree = "<group>";
		};
/* End PBXFileSystemSynchronizedRootGroup section */

/* Begin PBXFrameworksBuildPhase section */
		0411A73A2EC9EE47005E781F /* Frameworks */ = {
			isa = PBXFrameworksBuildPhase;
			buildActionMask = 2147483647;
			files = (
			);
			runOnlyForDeploymentPostprocessing = 0;
		};
		0411A7472EC9EE48005E781F /* Frameworks */ = {
			isa = PBXFrameworksBuildPhase;
			buildActionMask = 2147483647;
			files = (
			);
			runOnlyForDeploymentPostprocessing = 0;
		};
		0411A7512EC9EE48005E781F /* Frameworks */ = {
			isa = PBXFrameworksBuildPhase;
			buildActionMask = 2147483647;
			files = (
			);
			runOnlyForDeploymentPostprocessing = 0;
		};
		2840E80085E0FE796BEAA7E3 /* Frameworks */ = {
			isa = PBXFrameworksBuildPhase;
			buildActionMask = 2147483647;
			files = (
			);
			runOnlyForDeploymentPostprocessing = 0;
		};
/* End PBXFrameworksBuildPhase section */

/* Begin PBXGroup section */
		0411A7342EC9EE47005E781F = {
			isa = PBXGroup;
			children = (
				0411A73F2EC9EE47005E781F /* doodleduo */,
				0411A74D2EC9EE48005E781F /* doodleduoTests */,
				0411A7572EC9EE48005E781F /* doodleduoUITests */,
				61CA6E0C367EE549727772DC /* Shared */,
				B61749851BBFECC25FBF54FD /* LatestDoodleWidget */,
				0411A73E2EC9EE47005E781F /* Products */,
			);
			sourceTree = "<group>";
		};
		0411A73E2EC9EE47005E781F /* Products */ = {
			isa = PBXGroup;
			children = (
				0411A73D2EC9EE47005E781F /* doodleduo.app */,
				0411A74A2EC9EE48005E781F /* doodleduoTests.xctest */,
				0411A7542EC9EE48005E781F /* doodleduoUITests.xctest */,
				7149638C7292B447930E7910 /* LatestDoodleWidget.appex */,
			);
			name = Products;
			sourceTree = "<group>";
		};
/* End PBXGroup section */

/* Begin PBXNativeTarget section */
		0411A73C2EC9EE47005E781F /* doodleduo */ = {
			isa = PBXNativeTarget;
			buildConfigurationList = 0411A75E2EC9EE48005E781F /* Build configuration list for PBXNativeTarget "doodleduo" */;
			buildPhases = (
				0411A7392EC9EE47005E781F /* Sources */,
				0411A73A2EC9EE47005E781F /* Frameworks */,
				0411A73B2EC9EE47005E781F /* Resources */,
				314A006C586EE0AC88D4A830 /* Embed App Extensions */,
			);
			buildRules = (
			);
			dependencies = (
				3D1E5B5014005C79897C767F /* PBXTargetDependency */,
			);
			fileSystemSynchronizedGroups = (
				0411A73F2EC9EE47005E781F /* doodleduo */,
				61CA6E0C367EE549727772DC /* Shared */,
			);
			name = doodleduo;
			packageProductDependencies = (
			);
			productName = doodleduo;
			productReference = 0411A73D2EC9EE47005E781F /* doodleduo.app */;
			productType = "com.apple.product-type.application";
		};
		0411A7492EC9EE48005E781F /* doodleduoTests */ = {
			isa = PBXNativeTarget;
			buildConfigurationList = 0411A7612EC9EE48005E781F /* Build configuration list for PBXNativeTarget "doodleduoTests" */;
			buildPhases = (
				0411A7462EC9EE48005E781F /* Sources */,
				0411A7472EC9EE48005E781F /* Frameworks */,
				0411A7482EC9EE48005E781F /* Resources */,
			);
			buildRules = (
			);
			dependencies = (
				0411A74C2EC9EE48005E781F /* PBXTargetDependency */,
			);
			fileSystemSynchronizedGroups = (
				0411A74D2EC9EE48005E781F /* doodleduoTests */,
			);
			name = doodleduoTests;
			packageProductDependencies = (
			);
			productName = doodleduoTests;
			productReference = 0411A74A2EC9EE48005E781F /* doodleduoTests.xctest */;
			productType = "com.apple.product-type.bundle.unit-test";
		};
		0411A7532EC9EE48005E781F /* doodleduoUITests */ = {
			isa = PBXNativeTarget;
			buildConfigurationList = 0411A7642EC9EE48005E781F /* Build configuration list for PBXNativeTarget "doodleduoUITests" */;
			buildPhases = (
				0411A7502EC9EE48005E781F /* Sources */,
				0411A7512EC9EE48005E781F /* Frameworks */,
				0411A7522EC9EE48005E781F /* Resources */,
			);
			buildRules = (
			);
			dependencies = (
				0411A7562EC9EE48005E781F /* PBXTargetDependency */,
			);
			fileSystemSynchronizedGroups = (
				0411A7572EC9EE48005E781F /* doodleduoUITests */,
			);
			name = doodleduoUITests;
			packageProductDependencies = (
			);
			productName = doodleduoUITests;
			productReference = 0411A7542EC9EE48005E781F /* doodleduoUITests.xctest */;
			productType = "com.apple.product-type.bundle.ui-testing";
		};
		6089A95D3401D28897B811E4 /* LatestDoodleWidget */ = {
			isa = PBXNativeTarget;
			buildConfigurationList = 3DB72E8C31B060F8CAB373FA /* Build configuration list for PBXNativeTarget "LatestDoodleWidget" */;
			buildPhases = (
				81A029F2EAFDB1509499BA8A /* Sources */,
				2840E80085E0FE796BEAA7E3 /* Frameworks */,
				CDFAC5C83F08AEC953ACBC85 /* Resources */,
			);
			buildRules = (
			);
			dependencies = (
			);
			fileSystemSynchronizedGroups = (
				61CA6E0C367EE549727772DC /* Shared */,
				B61749851BBFECC25FBF54FD /* LatestDoodleWidget */,
			);
			name = LatestDoodleWidget;
			packageProductDependencies = (
			);
			productName = LatestDoodleWidget;
			productReference = 7149638C7292B447930E7910 /* LatestDoodleWidget.appex */;
			productType = "com.apple.product-type.app-extension";
		};
/* End PBXNativeTarget section */

/* Begin PBXProject section */
		0411A7352EC9EE47005E781F /* Project object */ = {
			isa = PBXProject;
			attributes = {
				BuildIndependentTargetsInParallel = 1;
				LastSwiftUpdateCheck = 2610;
				LastUpgradeCheck = 2610;
				TargetAttributes = {
					0411A73C2EC9EE47005E781F = {
						CreatedOnToolsVersion = 26.1;
					};
					0411A7492EC9EE48005E781F = {
						CreatedOnToolsVersion = 26.1;
						TestTargetID = 0411A73C2EC9EE47005E781F;
					};
					0411A7532EC9EE48005E781F = {
						CreatedOnToolsVersion = 26.1;
						TestTargetID = 0411A73C2EC9EE47005E781F;
					};
					6089A95D3401D28897B811E4 = {
						CreatedOnToolsVersion = 26.1;
					};
				};
			};
			buildConfigurationList = 0411A7382EC9EE47005E781F /* Build configuration list for PBXProject "doodleduo" */;
			developmentRegion = en;
			hasScannedForEncodings = 0;
			knownRegions = (
				en,
				Base,
			);
			mainGroup = 0411A7342EC9EE47005E781F;
			minimizedProjectReferenceProxies = 1;
			preferredProjectObjectVersion = 77;
			productRefGroup = 0411A73E2EC9EE47005E781F /* Products */;
			projectDirPath = "";
			projectRoot = "";
			targets = (
				0411A73C2EC9EE47005E781F /* doodleduo */,
				0411A7492EC9EE48005E781F /* doodleduoTests */,
				0411A7532EC9EE48005E781F /* doodleduoUITests */,
				6089A95D3401D28897B811E4 /* LatestDoodleWidget */,
			);
		};
/* End PBXProject section */

/* Begin PBXResourcesBuildPhase section */
		0411A73B2EC9EE47005E781F /* Resources */ = {
			isa = PBXResourcesBuildPhase;
			buildActionMask = 2147483647;
			files = (
			);
			runOnlyForDeploymentPostprocessing = 0;
		};
		0411A7482EC9EE48005E781F /* Resources */ = {
			isa = PBXResourcesBuildPhase;
			buildActionMask = 2147483647;
			files = (
			);
			runOnlyForDeploymentPostprocessing = 0;
		};
		0411A7522EC9EE48005E781F /* Resources */ = {
			isa = PBXResourcesBuildPhase;
			buildActionMask = 2147483647;
			files = (
			);
			runOnlyForDeploymentPostprocessing = 0;
		};
		CDFAC5C83F08AEC953ACBC85 /* Resources */ = {
			isa = PBXResourcesBuildPhase;
			buildActionMask = 2147483647;
			files = (
			);
			runOnlyForDeploymentPostprocessing = 0;
		};
/* End PBXResourcesBuildPhase section */

/* Begin PBXSourcesBuildPhase section */
		0411A7392EC9EE47005E781F /* Sources */ = {
			isa = PBXSourcesBuildPhase;
			buildActionMask = 2147483647;
			files = (
			);
			runOnlyForDeploymentPostprocessing = 0;
		};
		0411A7462EC9EE48005E781F /* Sources */ = {
			isa = PBXSourcesBuildPhase;
			buildActionMask = 2147483647;
			files = (
			);
			runOnlyForDeploymentPostprocessing = 0;
		};
		0411A7502EC9EE48005E781F /* Sources */ = {
			isa = PBXSourcesBuildPhase;
			buildActionMask = 2147483647;
			files = (
			);
			runOnlyForDeploymentPostprocessing = 0;
		};
		81A029F2EAFDB1509499BA8A /* Sources */ = {
			isa = PBXSourcesBuildPhase;
			buildActionMask = 2147483647;
			files = (
			);
			runOnlyForDeploymentPostprocessing = 0;
		};
/* End PBXSourcesBuildPhase section */

/* Begin PBXTargetDependency section */
		0411A74C2EC9EE48005E781F /* PBXTargetDependency */ = {
			isa = PBXTargetDependency;
			target = 0411A73C2EC9EE47005E781F /* doodleduo */;
			targetProxy = 0411A74B2EC9EE48005E781F /* PBXContainerItemProxy */;
		};
		0411A7562EC9EE48005E781F /* PBXTargetDependency */ = {
			isa = PBXTargetDependency;
			target = 0411A73C2EC9EE47005E781F /* doodleduo */;
			targetProxy = 0411A7552EC9EE48005E781F /* PBXContainerItemProxy */;
		};
		3D1E5B5014005C79897C767F /* PBXTargetDependency */ = {
			isa = PBXTargetDependency;
			target = 6089A95D3401D28897B811E4 /* LatestDoodleWidget */;
			targetProxy = 0F1B07C146900A0B64D09D87 /* PBXContainerItemProxy */;
		};
/* End PBXTargetDependency section */

/* Begin XCBuildConfiguration section */
		0411A75C2EC9EE48005E781F /* Debug */ = {
			isa = XCBuildConfiguration;
			buildSettings = {
				ALWAYS_SEARCH_USER_PATHS = NO;
				ASSETCATALOG_COMPILER_GENERATE_SWIFT_ASSET_SYMBOL_EXTENSIONS = YES;
				CLANG_ANALYZER_NONNULL = YES;
				CLANG_ANALYZER_NUMBER_OBJECT_CONVERSION = YES_AGGRESSIVE;
				CLANG_CXX_LANGUAGE_STANDARD = "gnu++20";
				CLANG_ENABLE_MODULES = YES;
				CLANG_ENABLE_OBJC_ARC = YES;
				CLANG_ENABLE_OBJC_WEAK = YES;
				CLANG_WARN_BLOCK_CAPTURE_AUTORELEASING = YES;
				CLANG_WARN_BOOL_CONVERSION = YES;
				CLANG_WARN_COMMA = YES;
				CLANG_WARN_CONSTANT_CONVERSION = YES;
				CLANG_WARN_DEPRECATED_OBJC_IMPLEMENTATIONS = YES;
				CLANG_WARN_DIRECT_OBJC_ISA_USAGE = YES_ERROR;
				CLANG_WARN_DOCUMENTATION_COMMENTS = YES;
				CLANG_WARN_EMPTY_BODY = YES;
				CLANG_WARN_ENUM_CONVERSION = YES;
				CLANG_WARN_INFINITE_RECURSION = YES;
				CLANG_WARN_INT_CONVERSION = YES;
				CLANG_WARN_NON_LITERAL_NULL_CONVERSION = YES;
				CLANG_WARN_OBJC_IMPLICIT_RETAIN_SELF = YES;
				CLANG_WARN_OBJC_LITERAL_CONVERSION = YES;
				CLANG_WARN_OBJC_ROOT_CLASS = YES_ERROR;
				CLANG_WARN_QUOTED_INCLUDE_IN_FRAMEWORK_HEADER = YES;
				CLANG_WARN_RANGE_LOOP_ANALYSIS = YES;
				CLANG_WARN_STRICT_PROTOTYPES = YES;
				CLANG_WARN_SUSPICIOUS_MOVE = YES;
				CLANG_WARN_UNGUARDED_AVAILABILITY = YES_AGGRESSIVE;
				CLANG_WARN_UNREACHABLE_CODE = YES;
				CLANG_WARN__DUPLICATE_METHOD_MATCH = YES;
				COPY_PHASE_STRIP = NO;
				DEBUG_INFORMATION_FORMAT = dwarf;
				DEVELOPMENT_TEAM = 6XQ6Q4DLD3;
				ENABLE_STRICT_OBJC_MSGSEND = YES;
				ENABLE_TESTABILITY = YES;
				ENABLE_USER_SCRIPT_SANDBOXING = YES;
				GCC_C_LANGUAGE_STANDARD = gnu17;
				GCC_DYNAMIC_NO_PIC = NO;
				GCC_NO_COMMON_BLOCKS = YES;
				GCC_OPTIMIZATION_LEVEL = 0;
				GCC_PREPROCESSOR_DEFINITIONS = (
					"DEBUG=1",
					"$(inherited)",
				);
				GCC_WARN_64_TO_32_BIT_CONVERSION = YES;
				GCC_WARN_ABOUT_RETURN_TYPE = YES_ERROR;
				GCC_WARN_UNDECLARED_SELECTOR = YES;
				GCC_WARN_UNINITIALIZED_AUTOS = YES_AGGRESSIVE;
				GCC_WARN_UNUSED_FUNCTION = YES;
				GCC_WARN_UNUSED_VARIABLE = YES;
				LOCALIZATION_PREFERS_STRING_CATALOGS = YES;
				MTL_ENABLE_DEBUG_INFO = INCLUDE_SOURCE;
				MTL_FAST_MATH = YES;
				ONLY_ACTIVE_ARCH = YES;
				SWIFT_ACTIVE_COMPILATION_CONDITIONS = "DEBUG $(inherited)";
				SWIFT_OPTIMIZATION_LEVEL = "-Onone";
			};
			name = Debug;
		};
		0411A75D2EC9EE48005E781F /* Release */ = {
			isa = XCBuildConfiguration;
			buildSettings = {
				ALWAYS_SEARCH_USER_PATHS = NO;
				ASSETCATALOG_COMPILER_GENERATE_SWIFT_ASSET_SYMBOL_EXTENSIONS = YES;
				CLANG_ANALYZER_NONNULL = YES;
				CLANG_ANALYZER_NUMBER_OBJECT_CONVERSION = YES_AGGRESSIVE;
				CLANG_CXX_LANGUAGE_STANDARD = "gnu++20";
				CLANG_ENABLE_MODULES = YES;
				CLANG_ENABLE_OBJC_ARC = YES;
				CLANG_ENABLE_OBJC_WEAK = YES;
				CLANG_WARN_BLOCK_CAPTURE_AUTORELEASING = YES;
				CLANG_WARN_BOOL_CONVERSION = YES;
				CLANG_WARN_COMMA = YES;
				CLANG_WARN_CONSTANT_CONVERSION = YES;
				CLANG_WARN_DEPRECATED_OBJC_IMPLEMENTATIONS = YES;
				CLANG_WARN_DIRECT_OBJC_ISA_USAGE = YES_ERROR;
				CLANG_WARN_DOCUMENTATION_COMMENTS = YES;
				CLANG_WARN_EMPTY_BODY = YES;
				CLANG_WARN_ENUM_CONVERSION = YES;
				CLANG_WARN_INFINITE_RECURSION = YES;
				CLANG_WARN_INT_CONVERSION = YES;
				CLANG_WARN_NON_LITERAL_NULL_CONVERSION = YES;
				CLANG_WARN_OBJC_IMPLICIT_RETAIN_SELF = YES;
				CLANG_WARN_OBJC_LITERAL_CONVERSION = YES;
				CLANG_WARN_OBJC_ROOT_CLASS = YES_ERROR;
				CLANG_WARN_QUOTED_INCLUDE_IN_FRAMEWORK_HEADER = YES;
				CLANG_WARN_RANGE_LOOP_ANALYSIS = YES;
				CLANG_WARN_STRICT_PROTOTYPES = YES;
				CLANG_WARN_SUSPICIOUS_MOVE = YES;
				CLANG_WARN_UNGUARDED_AVAILABILITY = YES_AGGRESSIVE;
				CLANG_WARN_UNREACHABLE_CODE = YES;
				CLANG_WARN__DUPLICATE_METHOD_MATCH = YES;
				COPY_PHASE_STRIP = NO;
				DEBUG_INFORMATION_FORMAT = "dwarf-with-dsym";
				DEVELOPMENT_TEAM = 6XQ6Q4DLD3;
				ENABLE_NS_ASSERTIONS = NO;
				ENABLE_STRICT_OBJC_MSGSEND = YES;
				ENABLE_USER_SCRIPT_SANDBOXING = YES;
				GCC_C_LANGUAGE_STANDARD = gnu17;
				GCC_NO_COMMON_BLOCKS = YES;
				GCC_WARN_64_TO_32_BIT_CONVERSION = YES;
				GCC_WARN_ABOUT_RETURN_TYPE = YES_ERROR;
				GCC_WARN_UNDECLARED_SELECTOR = YES;
				GCC_WARN_UNINITIALIZED_AUTOS = YES_AGGRESSIVE;
				GCC_WARN_UNUSED_FUNCTION = YES;
				GCC_WARN_UNUSED_VARIABLE = YES;
				LOCALIZATION_PREFERS_STRING_CATALOGS = YES;
				MTL_ENABLE_DEBUG_INFO = NO;
				MTL_FAST_MATH = YES;
				SWIFT_COMPILATION_MODE = wholemodule;
			};
			name = Release;
		};
		0411A75F2EC9EE48005E781F /* Debug */ = {
			isa = XCBuildConfiguration;
			buildSettings = {
				ASSETCATALOG_COMPILER_APPICON_NAME = AppIcon;
				ASSETCATALOG_COMPILER_GLOBAL_ACCENT_COLOR_NAME = AccentColor;
				CODE_SIGN_ENTITLEMENTS = doodleduo/doodleduo.entitlements;
				CODE_SIGN_IDENTITY = "Apple Development";
				CODE_SIGN_STYLE = Automatic;
				CURRENT_PROJECT_VERSION = 1;
				DEVELOPMENT_TEAM = 6XQ6Q4DLD3;
				ENABLE_APP_SANDBOX = YES;
				ENABLE_HARDENED_RUNTIME = YES;
				ENABLE_PREVIEWS = YES;
				ENABLE_USER_SELECTED_FILES = readonly;
				GENERATE_INFOPLIST_FILE = YES;
				INFOPLIST_FILE = doodleduo/Info.plist;
				INFOPLIST_KEY_LSApplicationCategoryType = "public.app-category.lifestyle";
				INFOPLIST_KEY_NSMicrophoneUsageDescription = "DoodleDuo needs access to your microphone to record voice messages for your partner.";
				"INFOPLIST_KEY_UIApplicationSceneManifest_Generation[sdk=iphoneos*]" = YES;
				"INFOPLIST_KEY_UIApplicationSceneManifest_Generation[sdk=iphonesimulator*]" = YES;
				"INFOPLIST_KEY_UIApplicationSupportsIndirectInputEvents[sdk=iphoneos*]" = YES;
				"INFOPLIST_KEY_UIApplicationSupportsIndirectInputEvents[sdk=iphonesimulator*]" = YES;
				"INFOPLIST_KEY_UILaunchScreen_Generation[sdk=iphoneos*]" = YES;
				"INFOPLIST_KEY_UILaunchScreen_Generation[sdk=iphonesimulator*]" = YES;
				"INFOPLIST_KEY_UIStatusBarStyle[sdk=iphoneos*]" = UIStatusBarStyleDefault;
				"INFOPLIST_KEY_UIStatusBarStyle[sdk=iphonesimulator*]" = UIStatusBarStyleDefault;
				INFOPLIST_KEY_UISupportedInterfaceOrientations = UIInterfaceOrientationPortrait;
				INFOPLIST_KEY_UISupportedInterfaceOrientations_iPad = "UIInterfaceOrientationLandscapeLeft UIInterfaceOrientationLandscapeRight UIInterfaceOrientationPortrait UIInterfaceOrientationPortraitUpsideDown";
				IPHONEOS_DEPLOYMENT_TARGET = 26.1;
				LD_RUNPATH_SEARCH_PATHS = "@executable_path/Frameworks";
				"LD_RUNPATH_SEARCH_PATHS[sdk=macosx*]" = "@executable_path/../Frameworks";
				MACOSX_DEPLOYMENT_TARGET = 15.6;
				MARKETING_VERSION = 1.0;
				PRODUCT_BUNDLE_IDENTIFIER = com.anthony.doodleduo;
				PRODUCT_NAME = "$(TARGET_NAME)";
				PROVISIONING_PROFILE_SPECIFIER = "";
				REGISTER_APP_GROUPS = YES;
				SDKROOT = auto;
				STRING_CATALOG_GENERATE_SYMBOLS = YES;
				SUPPORTED_PLATFORMS = "iphoneos iphonesimulator";
				SUPPORTS_MACCATALYST = NO;
				SWIFT_APPROACHABLE_CONCURRENCY = YES;
				SWIFT_DEFAULT_ACTOR_ISOLATION = MainActor;
				SWIFT_EMIT_LOC_STRINGS = YES;
				SWIFT_UPCOMING_FEATURE_MEMBER_IMPORT_VISIBILITY = YES;
				SWIFT_VERSION = 5.0;
				TARGETED_DEVICE_FAMILY = 1;
				XROS_DEPLOYMENT_TARGET = 26.1;
			};
			name = Debug;
		};
		0411A7602EC9EE48005E781F /* Release */ = {
			isa = XCBuildConfiguration;
			buildSettings = {
				ASSETCATALOG_COMPILER_APPICON_NAME = AppIcon;
				ASSETCATALOG_COMPILER_GLOBAL_ACCENT_COLOR_NAME = AccentColor;
				CODE_SIGN_ENTITLEMENTS = doodleduo/doodleduo.entitlements;
				CODE_SIGN_IDENTITY = "Apple Development";
				CODE_SIGN_STYLE = Automatic;
				CURRENT_PROJECT_VERSION = 1;
				DEVELOPMENT_TEAM = 6XQ6Q4DLD3;
				ENABLE_APP_SANDBOX = YES;
				ENABLE_HARDENED_RUNTIME = YES;
				ENABLE_PREVIEWS = YES;
				ENABLE_USER_SELECTED_FILES = readonly;
				GENERATE_INFOPLIST_FILE = YES;
				INFOPLIST_FILE = doodleduo/Info.plist;
				INFOPLIST_KEY_LSApplicationCategoryType = "public.app-category.lifestyle";
				INFOPLIST_KEY_NSMicrophoneUsageDescription = "DoodleDuo needs access to your microphone to record voice messages for your partner.";
				"INFOPLIST_KEY_UIApplicationSceneManifest_Generation[sdk=iphoneos*]" = YES;
				"INFOPLIST_KEY_UIApplicationSceneManifest_Generation[sdk=iphonesimulator*]" = YES;
				"INFOPLIST_KEY_UIApplicationSupportsIndirectInputEvents[sdk=iphoneos*]" = YES;
				"INFOPLIST_KEY_UIApplicationSupportsIndirectInputEvents[sdk=iphonesimulator*]" = YES;
				"INFOPLIST_KEY_UILaunchScreen_Generation[sdk=iphoneos*]" = YES;
				"INFOPLIST_KEY_UILaunchScreen_Generation[sdk=iphonesimulator*]" = YES;
				"INFOPLIST_KEY_UIStatusBarStyle[sdk=iphoneos*]" = UIStatusBarStyleDefault;
				"INFOPLIST_KEY_UIStatusBarStyle[sdk=iphonesimulator*]" = UIStatusBarStyleDefault;
				INFOPLIST_KEY_UISupportedInterfaceOrientations = UIInterfaceOrientationPortrait;
				INFOPLIST_KEY_UISupportedInterfaceOrientations_iPad = "UIInterfaceOrientationLandscapeLeft UIInterfaceOrientationLandscapeRight UIInterfaceOrientationPortrait UIInterfaceOrientationPortraitUpsideDown";
				IPHONEOS_DEPLOYMENT_TARGET = 26.1;
				LD_RUNPATH_SEARCH_PATHS = "@executable_path/Frameworks";
				"LD_RUNPATH_SEARCH_PATHS[sdk=macosx*]" = "@executable_path/../Frameworks";
				MACOSX_DEPLOYMENT_TARGET = 15.6;
				MARKETING_VERSION = 1.0;
				PRODUCT_BUNDLE_IDENTIFIER = com.anthony.doodleduo;
				PRODUCT_NAME = "$(TARGET_NAME)";
				PROVISIONING_PROFILE_SPECIFIER = "";
				REGISTER_APP_GROUPS = YES;
				SDKROOT = auto;
				STRING_CATALOG_GENERATE_SYMBOLS = YES;
				SUPPORTED_PLATFORMS = "iphoneos iphonesimulator";
				SUPPORTS_MACCATALYST = NO;
				SWIFT_APPROACHABLE_CONCURRENCY = YES;
				SWIFT_DEFAULT_ACTOR_ISOLATION = MainActor;
				SWIFT_EMIT_LOC_STRINGS = YES;
				SWIFT_UPCOMING_FEATURE_MEMBER_IMPORT_VISIBILITY = YES;
				SWIFT_VERSION = 5.0;
				TARGETED_DEVICE_FAMILY = 1;
				XROS_DEPLOYMENT_TARGET = 26.1;
			};
			name = Release;
		};
		0411A7622EC9EE48005E781F /* Debug */ = {
			isa = XCBuildConfiguration;
			buildSettings = {
				BUNDLE_LOADER = "$(TEST_HOST)";
				CODE_SIGN_STYLE = Automatic;
				CURRENT_PROJECT_VERSION = 1;
				DEVELOPMENT_TEAM = 6XQ6Q4DLD3;
				GENERATE_INFOPLIST_FILE = YES;
				IPHONEOS_DEPLOYMENT_TARGET = 26.1;
				MACOSX_DEPLOYMENT_TARGET = 15.6;
				MARKETING_VERSION = 1.0;
				PRODUCT_BUNDLE_IDENTIFIER = com.anthony.doodleduoTests;
				PRODUCT_NAME = "$(TARGET_NAME)";
				SDKROOT = auto;
				STRING_CATALOG_GENERATE_SYMBOLS = NO;
				SUPPORTED_PLATFORMS = "iphoneos iphonesimulator macosx xros xrsimulator";
				SWIFT_APPROACHABLE_CONCURRENCY = YES;
				SWIFT_EMIT_LOC_STRINGS = NO;
				SWIFT_UPCOMING_FEATURE_MEMBER_IMPORT_VISIBILITY = YES;
				SWIFT_VERSION = 5.0;
				TARGETED_DEVICE_FAMILY = "1,2,7";
				TEST_HOST = "$(BUILT_PRODUCTS_DIR)/doodleduo.app/$(BUNDLE_EXECUTABLE_FOLDER_PATH)/doodleduo";
				XROS_DEPLOYMENT_TARGET = 26.1;
			};
			name = Debug;
		};
		0411A7632EC9EE48005E781F /* Release */ = {
			isa = XCBuildConfiguration;
			buildSettings = {
				BUNDLE_LOADER = "$(TEST_HOST)";
				CODE_SIGN_STYLE = Automatic;
				CURRENT_PROJECT_VERSION = 1;
				DEVELOPMENT_TEAM = 6XQ6Q4DLD3;
				GENERATE_INFOPLIST_FILE = YES;
				IPHONEOS_DEPLOYMENT_TARGET = 26.1;
				MACOSX_DEPLOYMENT_TARGET = 15.6;
				MARKETING_VERSION = 1.0;
				PRODUCT_BUNDLE_IDENTIFIER = com.anthony.doodleduoTests;
				PRODUCT_NAME = "$(TARGET_NAME)";
				SDKROOT = auto;
				STRING_CATALOG_GENERATE_SYMBOLS = NO;
				SUPPORTED_PLATFORMS = "iphoneos iphonesimulator macosx xros xrsimulator";
				SWIFT_APPROACHABLE_CONCURRENCY = YES;
				SWIFT_EMIT_LOC_STRINGS = NO;
				SWIFT_UPCOMING_FEATURE_MEMBER_IMPORT_VISIBILITY = YES;
				SWIFT_VERSION = 5.0;
				TARGETED_DEVICE_FAMILY = "1,2,7";
				TEST_HOST = "$(BUILT_PRODUCTS_DIR)/doodleduo.app/$(BUNDLE_EXECUTABLE_FOLDER_PATH)/doodleduo";
				XROS_DEPLOYMENT_TARGET = 26.1;
			};
			name = Release;
		};
		0411A7652EC9EE48005E781F /* Debug */ = {
			isa = XCBuildConfiguration;
			buildSettings = {
				"CODE_SIGN_IDENTITY[sdk=macosx*]" = "Apple Development";
				CODE_SIGN_STYLE = Automatic;
				CURRENT_PROJECT_VERSION = 1;
				DEVELOPMENT_TEAM = 6XQ6Q4DLD3;
				GENERATE_INFOPLIST_FILE = YES;
				IPHONEOS_DEPLOYMENT_TARGET = 26.1;
				MACOSX_DEPLOYMENT_TARGET = 15.6;
				MARKETING_VERSION = 1.0;
				PRODUCT_BUNDLE_IDENTIFIER = com.anthony.doodleduoUITests;
				PRODUCT_NAME = "$(TARGET_NAME)";
				SDKROOT = auto;
				STRING_CATALOG_GENERATE_SYMBOLS = NO;
				SUPPORTED_PLATFORMS = "iphoneos iphonesimulator macosx xros xrsimulator";
				SWIFT_APPROACHABLE_CONCURRENCY = YES;
				SWIFT_EMIT_LOC_STRINGS = NO;
				SWIFT_UPCOMING_FEATURE_MEMBER_IMPORT_VISIBILITY = YES;
				SWIFT_VERSION = 5.0;
				TARGETED_DEVICE_FAMILY = "1,2,7";
				TEST_TARGET_NAME = doodleduo;
				XROS_DEPLOYMENT_TARGET = 26.1;
			};
			name = Debug;
		};
		0411A7662EC9EE48005E781F /* Release */ = {
			isa = XCBuildConfiguration;
			buildSettings = {
				"CODE_SIGN_IDENTITY[sdk=macosx*]" = "Apple Development";
				CODE_SIGN_STYLE = Automatic;
				CURRENT_PROJECT_VERSION = 1;
				DEVELOPMENT_TEAM = 6XQ6Q4DLD3;
				GENERATE_INFOPLIST_FILE = YES;
				IPHONEOS_DEPLOYMENT_TARGET = 26.1;
				MACOSX_DEPLOYMENT_TARGET = 15.6;
				MARKETING_VERSION = 1.0;
				PRODUCT_BUNDLE_IDENTIFIER = com.anthony.doodleduoUITests;
				PRODUCT_NAME = "$(TARGET_NAME)";
				SDKROOT = auto;
				STRING_CATALOG_GENERATE_SYMBOLS = NO;
				SUPPORTED_PLATFORMS = "iphoneos iphonesimulator macosx xros xrsimulator";
				SWIFT_APPROACHABLE_CONCURRENCY = YES;
				SWIFT_EMIT_LOC_STRINGS = NO;
				SWIFT_UPCOMING_FEATURE_MEMBER_IMPORT_VISIBILITY = YES;
				SWIFT_VERSION = 5.0;
				TARGETED_DEVICE_FAMILY = "1,2,7";
				TEST_TARGET_NAME = doodleduo;
				XROS_DEPLOYMENT_TARGET = 26.1;
			};
			name = Release;
		};
		57B78C8EE753B8194BE1A68D /* Release */ = {
			isa = XCBuildConfiguration;
			buildSettings = {
				ASSETCATALOG_COMPILER_WIDGET_BACKGROUND_COLOR_NAME = WidgetBackground;
				CODE_SIGN_ENTITLEMENTS = LatestDoodleWidget/LatestDoodleWidget.entitlements;
				CODE_SIGN_IDENTITY = "Apple Development";
				CODE_SIGN_STYLE = Automatic;
				CURRENT_PROJECT_VERSION = 1;
				DEVELOPMENT_TEAM = 6XQ6Q4DLD3;
				GENERATE_INFOPLIST_FILE = NO;
				INFOPLIST_FILE = LatestDoodleWidget/Info.plist;
				INFOPLIST_KEY_CFBundleDisplayName = widget;
				IPHONEOS_DEPLOYMENT_TARGET = 26.1;
				LD_RUNPATH_SEARCH_PATHS = (
					"$(inherited)",
					"@executable_path/Frameworks",
					"@executable_path/../../Frameworks",
				);
				MARKETING_VERSION = 1.0;
				PRODUCT_BUNDLE_IDENTIFIER = com.anthony.doodleduo.LatestDoodleWidget;
				PRODUCT_NAME = "$(TARGET_NAME)";
				PROVISIONING_PROFILE_SPECIFIER = "";
				SDKROOT = auto;
				SKIP_INSTALL = YES;
				SUPPORTED_PLATFORMS = "iphoneos iphonesimulator";
				SWIFT_EMIT_LOC_STRINGS = NO;
				SWIFT_VERSION = 5.0;
				TARGETED_DEVICE_FAMILY = "1,2";
			};
			name = Release;
		};
		6BB46630B9DDB43303D101DB /* Debug */ = {
			isa = XCBuildConfiguration;
			buildSettings = {
				ASSETCATALOG_COMPILER_WIDGET_BACKGROUND_COLOR_NAME = WidgetBackground;
				CODE_SIGN_ENTITLEMENTS = LatestDoodleWidget/LatestDoodleWidget.entitlements;
				CODE_SIGN_IDENTITY = "Apple Development";
				CODE_SIGN_STYLE = Automatic;
				CURRENT_PROJECT_VERSION = 1;
				DEVELOPMENT_TEAM = 6XQ6Q4DLD3;
				GENERATE_INFOPLIST_FILE = NO;
				INFOPLIST_FILE = LatestDoodleWidget/Info.plist;
				INFOPLIST_KEY_CFBundleDisplayName = widget;
				IPHONEOS_DEPLOYMENT_TARGET = 26.1;
				LD_RUNPATH_SEARCH_PATHS = (
					"$(inherited)",
					"@executable_path/Frameworks",
					"@executable_path/../../Frameworks",
				);
				MARKETING_VERSION = 1.0;
				PRODUCT_BUNDLE_IDENTIFIER = com.anthony.doodleduo.LatestDoodleWidget;
				PRODUCT_NAME = "$(TARGET_NAME)";
				PROVISIONING_PROFILE_SPECIFIER = "";
				SDKROOT = auto;
				SKIP_INSTALL = YES;
				SUPPORTED_PLATFORMS = "iphoneos iphonesimulator";
				SWIFT_EMIT_LOC_STRINGS = NO;
				SWIFT_VERSION = 5.0;
				TARGETED_DEVICE_FAMILY = "1,2";
			};
			name = Debug;
		};
/* End XCBuildConfiguration section */

/* Begin XCConfigurationList section */
		0411A7382EC9EE47005E781F /* Build configuration list for PBXProject "doodleduo" */ = {
			isa = XCConfigurationList;
			buildConfigurations = (
				0411A75C2EC9EE48005E781F /* Debug */,
				0411A75D2EC9EE48005E781F /* Release */,
			);
			defaultConfigurationIsVisible = 0;
			defaultConfigurationName = Release;
		};
		0411A75E2EC9EE48005E781F /* Build configuration list for PBXNativeTarget "doodleduo" */ = {
			isa = XCConfigurationList;
			buildConfigurations = (
				0411A75F2EC9EE48005E781F /* Debug */,
				0411A7602EC9EE48005E781F /* Release */,
			);
			defaultConfigurationIsVisible = 0;
			defaultConfigurationName = Release;
		};
		0411A7612EC9EE48005E781F /* Build configuration list for PBXNativeTarget "doodleduoTests" */ = {
			isa = XCConfigurationList;
			buildConfigurations = (
				0411A7622EC9EE48005E781F /* Debug */,
				0411A7632EC9EE48005E781F /* Release */,
			);
			defaultConfigurationIsVisible = 0;
			defaultConfigurationName = Release;
		};
		0411A7642EC9EE48005E781F /* Build configuration list for PBXNativeTarget "doodleduoUITests" */ = {
			isa = XCConfigurationList;
			buildConfigurations = (
				0411A7652EC9EE48005E781F /* Debug */,
				0411A7662EC9EE48005E781F /* Release */,
			);
			defaultConfigurationIsVisible = 0;
			defaultConfigurationName = Release;
		};
		3DB72E8C31B060F8CAB373FA /* Build configuration list for PBXNativeTarget "LatestDoodleWidget" */ = {
			isa = XCConfigurationList;
			buildConfigurations = (
				6BB46630B9DDB43303D101DB /* Debug */,
				57B78C8EE753B8194BE1A68D /* Release */,
			);
			defaultConfigurationIsVisible = 0;
			defaultConfigurationName = Release;
		};
/* End XCConfigurationList section */
	};
	rootObject = 0411A7352EC9EE47005E781F /* Project object */;
}
